<?xml version="1.0" encoding="utf-8"?>
<Project ToolsVersion="4.0" xmlns="http://schemas.microsoft.com/developer/msbuild/2003">
  <ItemGroup>
    <Filter Include="Source Files">
      <UniqueIdentifier>{4FC737F1-C7A5-4376-A066-2A32D752A2FF}</UniqueIdentifier>
      <Extensions>cpp;c;cc;cxx;def;odl;idl;hpj;bat;asm;asmx</Extensions>
    </Filter>
    <Filter Include="Header Files">
      <UniqueIdentifier>{93995380-89BD-4b04-88EB-625FBE52EBFB}</UniqueIdentifier>
      <Extensions>h;hh;hpp;hxx;hm;inl;inc;ipp;xsd</Extensions>
    </Filter>
    <Filter Include="Resource Files">
      <UniqueIdentifier>{67DA6AB6-F800-4c08-8B7A-83BB121AAD01}</UniqueIdentifier>
      <Extensions>rc;ico;cur;bmp;dlg;rc2;rct;bin;rgs;gif;jpg;jpeg;jpe;resx;tiff;tif;png;wav;mfcribbon-ms</Extensions>
    </Filter>
  </ItemGroup>
  <ItemGroup>
    <ClCompile Include="source\main.cpp">
      <Filter>Source Files</Filter>
    </ClCompile>
    <ClCompile Include="source\render.cpp">
      <Filter>Source Files</Filter>
    </ClCompile>
    <ClCompile Include="source\system.cpp">
      <Filter>Source Files</Filter>
    </ClCompile>
    <ClCompile Include="source\shader.cpp">
      <Filter>Source Files</Filter>
    </ClCompile>
    <ClCompile Include="source\player.cpp">
      <Filter>Source Files</Filter>
    </ClCompile>
    <ClCompile Include="source\states.cpp">
      <Filter>Source Files</Filter>
    </ClCompile>
    <ClCompile Include="source\input.cpp">
      <Filter>Source Files</Filter>
    </ClCompile>
    <ClCompile Include="source\lightFactory.cpp">
      <Filter>Source Files</Filter>
    </ClCompile>
    <ClCompile Include="source\model.cpp">
      <Filter>Source Files</Filter>
    </ClCompile>
    <ClCompile Include="source\physics.cpp">
      <Filter>Source Files</Filter>
    </ClCompile>
    <ClCompile Include="source\skeletal.cpp">
      <Filter>Source Files</Filter>
    </ClCompile>
    <ClCompile Include="source\modelUtility.cpp">
      <Filter>Source Files</Filter>
    </ClCompile>
    <ClCompile Include="source\framebuffer.cpp">
      <Filter>Source Files</Filter>
    </ClCompile>
    <ClCompile Include="source\cubemap.cpp">
      <Filter>Source Files</Filter>
    </ClCompile>
    <ClCompile Include="source\objects.cpp">
      <Filter>Source Files</Filter>
    </ClCompile>
    <ClCompile Include="source\Cameras\overview.cpp">
      <Filter>Source Files</Filter>
    </ClCompile>
    <ClCompile Include="source\Cameras\thirdPerson.cpp">
      <Filter>Source Files</Filter>
    </ClCompile>
    <ClCompile Include="source\Cameras\firstPerson.cpp">
      <Filter>Source Files</Filter>
    </ClCompile>
  </ItemGroup>
  <ItemGroup>
    <ClInclude Include="include\system.h">
      <Filter>Header Files</Filter>
    </ClInclude>
    <ClInclude Include="include\render.h">
      <Filter>Header Files</Filter>
    </ClInclude>
    <ClInclude Include="include\input.h">
      <Filter>Header Files</Filter>
    </ClInclude>
    <ClInclude Include="include\shader.h">
      <Filter>Header Files</Filter>
    </ClInclude>
    <ClInclude Include="resources\data\testData.h">
      <Filter>Header Files</Filter>
    </ClInclude>
    <ClInclude Include="include\camera.h">
      <Filter>Header Files</Filter>
    </ClInclude>
    <ClInclude Include="include\player.h">
      <Filter>Header Files</Filter>
    </ClInclude>
    <ClInclude Include="include\states.h">
      <Filter>Header Files</Filter>
    </ClInclude>
    <ClInclude Include="include\model.h">
      <Filter>Header Files</Filter>
    </ClInclude>
    <ClInclude Include="include\mesh.h">
      <Filter>Header Files</Filter>
    </ClInclude>
    <ClInclude Include="include\animated.h">
      <Filter>Header Files</Filter>
    </ClInclude>
    <ClInclude Include="include\lightFactory.h">
      <Filter>Header Files</Filter>
    </ClInclude>
    <ClInclude Include="include\physics.h">
      <Filter>Header Files</Filter>
    </ClInclude>
    <ClInclude Include="include\skeletal.h">
      <Filter>Header Files</Filter>
    </ClInclude>
    <ClInclude Include="include\modelUtility.h">
      <Filter>Header Files</Filter>
    </ClInclude>
    <ClInclude Include="include\cubemap.h">
      <Filter>Header Files</Filter>
    </ClInclude>
    <ClInclude Include="include\framebuffer.h">
      <Filter>Header Files</Filter>
    </ClInclude>
    <ClInclude Include="include\utility.h">
      <Filter>Header Files</Filter>
    </ClInclude>
    <ClInclude Include="include\objects.h">
      <Filter>Header Files</Filter>
    </ClInclude>
    <ClInclude Include="include\skybox.h">
      <Filter>Header Files</Filter>
    </ClInclude>
    <ClInclude Include="include\Components\Physics\physicsComponent.h">
      <Filter>Header Files</Filter>
    </ClInclude>
    <ClInclude Include="include\Components\Graphics\graphicsComponent.h">
      <Filter>Header Files</Filter>
    </ClInclude>
    <ClInclude Include="include\Components\Input\inputComponent.h">
      <Filter>Header Files</Filter>
    </ClInclude>
  </ItemGroup>
  <ItemGroup>
    <None Include="resources\shader\Fmodel.glsl" />
    <None Include="resources\shader\Vmodel.glsl" />
    <None Include="resources\shader\Gmodel.glsl" />
    <None Include="resources\shader\NormalShader\Fnormal.glsl" />
    <None Include="resources\shader\NormalShader\Gnormal.glsl" />
    <None Include="resources\shader\NormalShader\Vnormal.glsl" />
    <None Include="resources\shader\Framebuffer\Fframebuffer.glsl" />
    <None Include="resources\shader\Framebuffer\Gframebuffer.glsl" />
    <None Include="resources\shader\Framebuffer\Vframebuffer.glsl" />
    <None Include="resources\shader\StencilShader\Fstencil.glsl" />
    <None Include="resources\shader\StencilShader\Gstencil.glsl" />
    <None Include="resources\shader\StencilShader\Vstencil.glsl" />
    <None Include="resources\shader\Animated\Fanimated.glsl" />
    <None Include="resources\shader\Lamp\lampF.glsl" />
    <None Include="resources\shader\Lamp\lampV.glsl" />
    <None Include="resources\shader\PhysicsObjects\Fphysics.glsl" />
    <None Include="resources\shader\PhysicsObjects\Gphysics.glsl" />
    <None Include="resources\shader\PhysicsObjects\Vphysics.glsl" />
    <None Include="resources\shader\Model\Fmodel.glsl" />
    <None Include="resources\shader\Model\Gmodel.glsl" />
    <None Include="resources\shader\Model\Vmodel.glsl" />
    <None Include="resources\bomb\bomb.dae" />
    <None Include="resources\bomb\bomb1.dae" />
    <None Include="resources\bomb\shaders\vertex.glsl" />
    <None Include="resources\bomb\shaders\fragment.glsl" />
    <None Include="resources\bomb\shaders\geometry.glsl" />
    <None Include="resources\cubemap\shaders\fragment.glsl" />
    <None Include="resources\cubemap\shaders\geometry.glsl" />
    <None Include="resources\cubemap\shaders\vertex.glsl" />
    <None Include="resources\shader\Shadow\Depth\frag.glsl" />
    <None Include="resources\shader\Shadow\Depth\geo.glsl" />
    <None Include="resources\shader\Shadow\Depth\vert.glsl" />
    <None Include="resources\shader\Shadow\Map\frag.glsl" />
    <None Include="resources\shader\Shadow\Map\geo.glsl" />
    <None Include="resources\shader\Shadow\Map\vert.glsl" />
    <None Include="resources\shader\Shadow\DepthCubemap\frag.glsl" />
    <None Include="resources\shader\Shadow\DepthCubemap\geo.glsl" />
    <None Include="resources\shader\Shadow\DepthCubemap\vert.glsl" />
    <None Include="resources\SnowMap\physxTestLightsTestTextureTest.dae" />
    <None Include="resources\SnowMap\physxTestLightsTestTextureTest1.dae" />
    <None Include="resources\brickSphere\bsp.dae" />
    <None Include="resources\shader\HDR\frag.glsl" />
    <None Include="resources\shader\HDR\geo.glsl" />
    <None Include="resources\shader\HDR\vert.glsl" />
    <None Include="resources\shader\DeferredShading\vert.glsl" />
    <None Include="resources\shader\DeferredShading\frag.glsl" />
    <None Include="resources\shader\DeferredShading\geo.glsl" />
    <None Include="resources\shader\Gbuffer\vert.glsl" />
    <None Include="resources\shader\Gbuffer\frag.glsl" />
    <None Include="resources\shader\Gbuffer\geo.glsl" />
    <None Include="resources\shader\PBR\vert.glsl" />
    <None Include="resources\shader\PBR\frag.glsl" />
    <None Include="resources\shader\PBR\geo.glsl" />
    <None Include="resources\shader\EquiRectMap\vert.glsl" />
    <None Include="resources\shader\EquiRectMap\frag.glsl" />
    <None Include="resources\shader\EquiRectMap\geo.glsl" />
    <None Include="resources\shader\EnvironmentMap\frag.glsl" />
    <None Include="resources\shader\EnvironmentMap\geo.glsl" />
    <None Include="resources\shader\EnvironmentMap\vert.glsl" />
  </ItemGroup>
  <ItemGroup>
    <Image Include="resources\texture\wall.jpg">
      <Filter>Resource Files</Filter>
    </Image>
    <Image Include="resources\bomb\gray.png">
      <Filter>Resource Files</Filter>
    </Image>
    <Image Include="resources\bomb\Untitled.001.png">
      <Filter>Resource Files</Filter>
    </Image>
    <Image Include="resources\bomb\Untitled.png">
      <Filter>Resource Files</Filter>
    </Image>
    <Image Include="resources\cubemap\textures\frozendusk_bk.jpg">
      <Filter>Resource Files</Filter>
    </Image>
    <Image Include="resources\cubemap\textures\frozendusk_dn.jpg">
      <Filter>Resource Files</Filter>
    </Image>
    <Image Include="resources\cubemap\textures\frozendusk_ft.jpg">
      <Filter>Resource Files</Filter>
    </Image>
    <Image Include="resources\cubemap\textures\frozendusk_lf.jpg">
      <Filter>Resource Files</Filter>
    </Image>
    <Image Include="resources\cubemap\textures\frozendusk_rt.jpg">
      <Filter>Resource Files</Filter>
    </Image>
    <Image Include="resources\cubemap\textures\frozendusk_up.jpg">
      <Filter>Resource Files</Filter>
    </Image>
    <Image Include="resources\cubemap\textures\back.png">
      <Filter>Resource Files</Filter>
    </Image>
    <Image Include="resources\cubemap\textures\bottem.png">
      <Filter>Resource Files</Filter>
    </Image>
    <Image Include="resources\cubemap\textures\front.png">
      <Filter>Resource Files</Filter>
    </Image>
    <Image Include="resources\cubemap\textures\left.png">
      <Filter>Resource Files</Filter>
    </Image>
    <Image Include="resources\cubemap\textures\right.png">
      <Filter>Resource Files</Filter>
    </Image>
    <Image Include="resources\cubemap\textures\top.png">
      <Filter>Resource Files</Filter>
    </Image>
    <Image Include="resources\cubemap\textures\left.jpg">
      <Filter>Resource Files</Filter>
    </Image>
    <Image Include="resources\cubemap\textures\right.jpg">
      <Filter>Resource Files</Filter>
    </Image>
    <Image Include="resources\cubemap\textures\top.jpg">
      <Filter>Resource Files</Filter>
    </Image>
    <Image Include="resources\cubemap\textures\front.jpg">
      <Filter>Resource Files</Filter>
    </Image>
    <Image Include="resources\cubemap\textures\bottom.jpg">
      <Filter>Resource Files</Filter>
    </Image>
    <Image Include="resources\cubemap\textures\back.jpg">
      <Filter>Resource Files</Filter>
    </Image>
    <Image Include="resources\SnowMap\images\specular.png">
      <Filter>Resource Files</Filter>
    </Image>
    <Image Include="resources\SnowMap\images\diffuse.png">
      <Filter>Resource Files</Filter>
    </Image>
    <Image Include="resources\SnowMap\images\height.png">
      <Filter>Resource Files</Filter>
    </Image>
    <Image Include="resources\SnowMap\images\normal.png">
      <Filter>Resource Files</Filter>
    </Image>
    <Image Include="resources\cubemap\textures\bottom.png">
      <Filter>Resource Files</Filter>
    </Image>
  </ItemGroup>
  <ItemGroup>
    <Text Include="resources\shader\Animated\Vanimated.glsl" />
  </ItemGroup>
</Project>